
Microsoft Visual Studio Solution File, Format Version 12.00
# Visual Studio Version 17
VisualStudioVersion = 17.8.34316.72
MinimumVisualStudioVersion = 10.0.40219.1
Project("{9A19103F-16F7-4668-BE54-9A1E7A4F7556}") = "WeakSpotInator", "WeakSpotInator\WeakSpotInator.csproj", "{5535C527-383D-41DA-AF76-F09CCE46555E}"
EndProject
Project("{9A19103F-16F7-4668-BE54-9A1E7A4F7556}") = "HKLib.Serialization", "HKLib-main\HKLib-main\HKLib.Serialization\HKLib.Serialization.csproj", "{3A8DDF25-E5A6-49F0-B470-2E9D58289FCA}"
EndProject
Project("{9A19103F-16F7-4668-BE54-9A1E7A4F7556}") = "HKLib.Reflection", "HKLib-main\HKLib-main\HKLib.Reflection\HKLib.Reflection.csproj", "{BA77ECB2-0E67-48F1-AA64-F6888FDD9D80}"
EndProject
Project("{9A19103F-16F7-4668-BE54-9A1E7A4F7556}") = "HKLib", "HKLib-main\HKLib-main\HKLib\HKLib.csproj", "{FC900B1B-D55A-484A-972C-F7EA7F15A4F5}"
EndProject
Project("{9A19103F-16F7-4668-BE54-9A1E7A4F7556}") = "SoulsFormats", "SoulsFormats\SoulsFormats\SoulsFormats.csproj", "{211BBE01-9DE9-404F-A43F-8F3273BFB68B}"
EndProject
Global
	GlobalSection(SolutionConfigurationPlatforms) = preSolution
		Debug|Any CPU = Debug|Any CPU
		Debug|ARM64 = Debug|ARM64
		Debug|x64 = Debug|x64
		DebugNF|Any CPU = DebugNF|Any CPU
		DebugNF|ARM64 = DebugNF|ARM64
		DebugNF|x64 = DebugNF|x64
		Release|Any CPU = Release|Any CPU
		Release|ARM64 = Release|ARM64
		Release|x64 = Release|x64
	EndGlobalSection
	GlobalSection(ProjectConfigurationPlatforms) = postSolution
		{5535C527-383D-41DA-AF76-F09CCE46555E}.Debug|Any CPU.ActiveCfg = Debug|x64
		{5535C527-383D-41DA-AF76-F09CCE46555E}.Debug|Any CPU.Build.0 = Debug|x64
		{5535C527-383D-41DA-AF76-F09CCE46555E}.Debug|ARM64.ActiveCfg = Debug|Any CPU
		{5535C527-383D-41DA-AF76-F09CCE46555E}.Debug|ARM64.Build.0 = Debug|Any CPU
		{5535C527-383D-41DA-AF76-F09CCE46555E}.Debug|x64.ActiveCfg = Debug|x64
		{5535C527-383D-41DA-AF76-F09CCE46555E}.Debug|x64.Build.0 = Debug|x64
		{5535C527-383D-41DA-AF76-F09CCE46555E}.DebugNF|Any CPU.ActiveCfg = Debug|Any CPU
		{5535C527-383D-41DA-AF76-F09CCE46555E}.DebugNF|Any CPU.Build.0 = Debug|Any CPU
		{5535C527-383D-41DA-AF76-F09CCE46555E}.DebugNF|ARM64.ActiveCfg = Debug|Any CPU
		{5535C527-383D-41DA-AF76-F09CCE46555E}.DebugNF|ARM64.Build.0 = Debug|Any CPU
		{5535C527-383D-41DA-AF76-F09CCE46555E}.DebugNF|x64.ActiveCfg = Debug|x64
		{5535C527-383D-41DA-AF76-F09CCE46555E}.DebugNF|x64.Build.0 = Debug|x64
		{5535C527-383D-41DA-AF76-F09CCE46555E}.Release|Any CPU.ActiveCfg = Release|Any CPU
		{5535C527-383D-41DA-AF76-F09CCE46555E}.Release|Any CPU.Build.0 = Release|Any CPU
		{5535C527-383D-41DA-AF76-F09CCE46555E}.Release|ARM64.ActiveCfg = Release|Any CPU
		{5535C527-383D-41DA-AF76-F09CCE46555E}.Release|ARM64.Build.0 = Release|Any CPU
		{5535C527-383D-41DA-AF76-F09CCE46555E}.Release|x64.ActiveCfg = Release|x64
		{5535C527-383D-41DA-AF76-F09CCE46555E}.Release|x64.Build.0 = Release|x64
		{3A8DDF25-E5A6-49F0-B470-2E9D58289FCA}.Debug|Any CPU.ActiveCfg = Debug|Any CPU
		{3A8DDF25-E5A6-49F0-B470-2E9D58289FCA}.Debug|Any CPU.Build.0 = Debug|Any CPU
		{3A8DDF25-E5A6-49F0-B470-2E9D58289FCA}.Debug|ARM64.ActiveCfg = Debug|Any CPU
		{3A8DDF25-E5A6-49F0-B470-2E9D58289FCA}.Debug|ARM64.Build.0 = Debug|Any CPU
		{3A8DDF25-E5A6-49F0-B470-2E9D58289FCA}.Debug|x64.ActiveCfg = Debug|x64
		{3A8DDF25-E5A6-49F0-B470-2E9D58289FCA}.Debug|x64.Build.0 = Debug|x64
		{3A8DDF25-E5A6-49F0-B470-2E9D58289FCA}.DebugNF|Any CPU.ActiveCfg = Debug|Any CPU
		{3A8DDF25-E5A6-49F0-B470-2E9D58289FCA}.DebugNF|Any CPU.Build.0 = Debug|Any CPU
		{3A8DDF25-E5A6-49F0-B470-2E9D58289FCA}.DebugNF|ARM64.ActiveCfg = Debug|Any CPU
		{3A8DDF25-E5A6-49F0-B470-2E9D58289FCA}.DebugNF|ARM64.Build.0 = Debug|Any CPU
		{3A8DDF25-E5A6-49F0-B470-2E9D58289FCA}.DebugNF|x64.ActiveCfg = Debug|x64
		{3A8DDF25-E5A6-49F0-B470-2E9D58289FCA}.DebugNF|x64.Build.0 = Debug|x64
		{3A8DDF25-E5A6-49F0-B470-2E9D58289FCA}.Release|Any CPU.ActiveCfg = Release|Any CPU
		{3A8DDF25-E5A6-49F0-B470-2E9D58289FCA}.Release|Any CPU.Build.0 = Release|Any CPU
		{3A8DDF25-E5A6-49F0-B470-2E9D58289FCA}.Release|ARM64.ActiveCfg = Release|Any CPU
		{3A8DDF25-E5A6-49F0-B470-2E9D58289FCA}.Release|ARM64.Build.0 = Release|Any CPU
		{3A8DDF25-E5A6-49F0-B470-2E9D58289FCA}.Release|x64.ActiveCfg = Release|x64
		{3A8DDF25-E5A6-49F0-B470-2E9D58289FCA}.Release|x64.Build.0 = Release|x64
		{BA77ECB2-0E67-48F1-AA64-F6888FDD9D80}.Debug|Any CPU.ActiveCfg = Debug|Any CPU
		{BA77ECB2-0E67-48F1-AA64-F6888FDD9D80}.Debug|Any CPU.Build.0 = Debug|Any CPU
		{BA77ECB2-0E67-48F1-AA64-F6888FDD9D80}.Debug|ARM64.ActiveCfg = Debug|Any CPU
		{BA77ECB2-0E67-48F1-AA64-F6888FDD9D80}.Debug|ARM64.Build.0 = Debug|Any CPU
		{BA77ECB2-0E67-48F1-AA64-F6888FDD9D80}.Debug|x64.ActiveCfg = Debug|x64
		{BA77ECB2-0E67-48F1-AA64-F6888FDD9D80}.Debug|x64.Build.0 = Debug|x64
		{BA77ECB2-0E67-48F1-AA64-F6888FDD9D80}.DebugNF|Any CPU.ActiveCfg = Debug|Any CPU
		{BA77ECB2-0E67-48F1-AA64-F6888FDD9D80}.DebugNF|Any CPU.Build.0 = Debug|Any CPU
		{BA77ECB2-0E67-48F1-AA64-F6888FDD9D80}.DebugNF|ARM64.ActiveCfg = Debug|Any CPU
		{BA77ECB2-0E67-48F1-AA64-F6888FDD9D80}.DebugNF|ARM64.Build.0 = Debug|Any CPU
		{BA77ECB2-0E67-48F1-AA64-F6888FDD9D80}.DebugNF|x64.ActiveCfg = Debug|x64
		{BA77ECB2-0E67-48F1-AA64-F6888FDD9D80}.DebugNF|x64.Build.0 = Debug|x64
		{BA77ECB2-0E67-48F1-AA64-F6888FDD9D80}.Release|Any CPU.ActiveCfg = Release|Any CPU
		{BA77ECB2-0E67-48F1-AA64-F6888FDD9D80}.Release|Any CPU.Build.0 = Release|Any CPU
		{BA77ECB2-0E67-48F1-AA64-F6888FDD9D80}.Release|ARM64.ActiveCfg = Release|Any CPU
		{BA77ECB2-0E67-48F1-AA64-F6888FDD9D80}.Release|ARM64.Build.0 = Release|Any CPU
		{BA77ECB2-0E67-48F1-AA64-F6888FDD9D80}.Release|x64.ActiveCfg = Release|x64
		{BA77ECB2-0E67-48F1-AA64-F6888FDD9D80}.Release|x64.Build.0 = Release|x64
		{FC900B1B-D55A-484A-972C-F7EA7F15A4F5}.Debug|Any CPU.ActiveCfg = Debug|Any CPU
		{FC900B1B-D55A-484A-972C-F7EA7F15A4F5}.Debug|Any CPU.Build.0 = Debug|Any CPU
		{FC900B1B-D55A-484A-972C-F7EA7F15A4F5}.Debug|ARM64.ActiveCfg = Debug|Any CPU
		{FC900B1B-D55A-484A-972C-F7EA7F15A4F5}.Debug|ARM64.Build.0 = Debug|Any CPU
		{FC900B1B-D55A-484A-972C-F7EA7F15A4F5}.Debug|x64.ActiveCfg = Debug|x64
		{FC900B1B-D55A-484A-972C-F7EA7F15A4F5}.Debug|x64.Build.0 = Debug|x64
		{FC900B1B-D55A-484A-972C-F7EA7F15A4F5}.DebugNF|Any CPU.ActiveCfg = Debug|Any CPU
		{FC900B1B-D55A-484A-972C-F7EA7F15A4F5}.DebugNF|Any CPU.Build.0 = Debug|Any CPU
		{FC900B1B-D55A-484A-972C-F7EA7F15A4F5}.DebugNF|ARM64.ActiveCfg = Debug|Any CPU
		{FC900B1B-D55A-484A-972C-F7EA7F15A4F5}.DebugNF|ARM64.Build.0 = Debug|Any CPU
		{FC900B1B-D55A-484A-972C-F7EA7F15A4F5}.DebugNF|x64.ActiveCfg = Debug|x64
		{FC900B1B-D55A-484A-972C-F7EA7F15A4F5}.DebugNF|x64.Build.0 = Debug|x64
		{FC900B1B-D55A-484A-972C-F7EA7F15A4F5}.Release|Any CPU.ActiveCfg = Release|Any CPU
		{FC900B1B-D55A-484A-972C-F7EA7F15A4F5}.Release|Any CPU.Build.0 = Release|Any CPU
		{FC900B1B-D55A-484A-972C-F7EA7F15A4F5}.Release|ARM64.ActiveCfg = Release|Any CPU
		{FC900B1B-D55A-484A-972C-F7EA7F15A4F5}.Release|ARM64.Build.0 = Release|Any CPU
		{FC900B1B-D55A-484A-972C-F7EA7F15A4F5}.Release|x64.ActiveCfg = Release|x64
		{FC900B1B-D55A-484A-972C-F7EA7F15A4F5}.Release|x64.Build.0 = Release|x64
		{211BBE01-9DE9-404F-A43F-8F3273BFB68B}.Debug|Any CPU.ActiveCfg = Debug|Any CPU
		{211BBE01-9DE9-404F-A43F-8F3273BFB68B}.Debug|Any CPU.Build.0 = Debug|Any CPU
		{211BBE01-9DE9-404F-A43F-8F3273BFB68B}.Debug|ARM64.ActiveCfg = Debug|ARM64
		{211BBE01-9DE9-404F-A43F-8F3273BFB68B}.Debug|ARM64.Build.0 = Debug|ARM64
		{211BBE01-9DE9-404F-A43F-8F3273BFB68B}.Debug|x64.ActiveCfg = Debug|x64
		{211BBE01-9DE9-404F-A43F-8F3273BFB68B}.Debug|x64.Build.0 = Debug|x64
		{211BBE01-9DE9-404F-A43F-8F3273BFB68B}.DebugNF|Any CPU.ActiveCfg = DebugNF|Any CPU
		{211BBE01-9DE9-404F-A43F-8F3273BFB68B}.DebugNF|Any CPU.Build.0 = DebugNF|Any CPU
		{211BBE01-9DE9-404F-A43F-8F3273BFB68B}.DebugNF|ARM64.ActiveCfg = DebugNF|ARM64
		{211BBE01-9DE9-404F-A43F-8F3273BFB68B}.DebugNF|ARM64.Build.0 = DebugNF|ARM64
		{211BBE01-9DE9-404F-A43F-8F3273BFB68B}.DebugNF|x64.ActiveCfg = DebugNF|x64
		{211BBE01-9DE9-404F-A43F-8F3273BFB68B}.DebugNF|x64.Build.0 = DebugNF|x64
		{211BBE01-9DE9-404F-A43F-8F3273BFB68B}.Release|Any CPU.ActiveCfg = Release|Any CPU
		{211BBE01-9DE9-404F-A43F-8F3273BFB68B}.Release|Any CPU.Build.0 = Release|Any CPU
		{211BBE01-9DE9-404F-A43F-8F3273BFB68B}.Release|ARM64.ActiveCfg = Release|ARM64
		{211BBE01-9DE9-404F-A43F-8F3273BFB68B}.Release|ARM64.Build.0 = Release|ARM64
		{211BBE01-9DE9-404F-A43F-8F3273BFB68B}.Release|x64.ActiveCfg = Release|x64
		{211BBE01-9DE9-404F-A43F-8F3273BFB68B}.Release|x64.Build.0 = Release|x64
	EndGlobalSection
	GlobalSection(SolutionProperties) = preSolution
		HideSolutionNode = FALSE
	EndGlobalSection
	GlobalSection(ExtensibilityGlobals) = postSolution
		SolutionGuid = {E5B2DCFD-F7C3-45A0-9724-B1C573AC4444}
	EndGlobalSection
EndGlobal
